
Microsoft Visual Studio Solution File, Format Version 12.00
# Visual Studio 2012
Project("{FAE04EC0-301F-11D3-BF4B-00C04F79EFBC}") = "meijing-ui", "meijing\meijing-ui.csproj", "{08ED1E3B-366B-42EF-B795-0FF1BDAA0B7A}"
EndProject
Project("{FAE04EC0-301F-11D3-BF4B-00C04F79EFBC}") = "Newtonsoft.Json.Portable", "3td\json\Source\Src\Newtonsoft.Json\Newtonsoft.Json.Portable.csproj", "{959F7F85-C98B-4876-971A-9036224578E4}"
EndProject
Project("{FAE04EC0-301F-11D3-BF4B-00C04F79EFBC}") = "nanrui.model.sender", "nr\nanrui.model.sender\nanrui.model.sender.csproj", "{3D08C3B5-998F-486D-A100-1684C3CC2DA3}"
EndProject
Project("{FAE04EC0-301F-11D3-BF4B-00C04F79EFBC}") = "apache.nms", "3td\apache.nms\apache.nms.csproj", "{300C1716-0674-4D01-8F5D-151E59A504FE}"
EndProject
Project("{FAE04EC0-301F-11D3-BF4B-00C04F79EFBC}") = "apache.nms.activemq", "3td\apache.nms.activemq\apache.nms.activemq.csproj", "{08321F42-4B3D-4815-B592-95962BAC3B9F}"
EndProject
Project("{FAE04EC0-301F-11D3-BF4B-00C04F79EFBC}") = "Ionic.Zlib", "3td\ionic.zlib\Ionic.Zlib\Ionic.Zlib.csproj", "{7340B466-BB66-4313-922E-8AE7D9D77C3F}"
EndProject
Project("{FAE04EC0-301F-11D3-BF4B-00C04F79EFBC}") = "log4net", "3td\log4net\src\log4net.csproj", "{181FE707-E161-4722-9F38-6AAAB6FAA106}"
EndProject
Project("{FAE04EC0-301F-11D3-BF4B-00C04F79EFBC}") = "nanrui.kpi.sender", "nr\nanrui.kpi.sender\nanrui.kpi.sender.csproj", "{84DEBB0E-0387-4B80-91A1-156F12FFF03A}"
EndProject
Global
	GlobalSection(SolutionConfigurationPlatforms) = preSolution
		Debug_nj|Any CPU = Debug_nj|Any CPU
		Debug_nj|Mixed Platforms = Debug_nj|Mixed Platforms
		Debug_nj|x86 = Debug_nj|x86
		Debug|Any CPU = Debug|Any CPU
		Debug|Mixed Platforms = Debug|Mixed Platforms
		Debug|x86 = Debug|x86
		Release|Any CPU = Release|Any CPU
		Release|Mixed Platforms = Release|Mixed Platforms
		Release|x86 = Release|x86
	EndGlobalSection
	GlobalSection(ProjectConfigurationPlatforms) = postSolution
		{08ED1E3B-366B-42EF-B795-0FF1BDAA0B7A}.Debug_nj|Any CPU.ActiveCfg = Debug|x86
		{08ED1E3B-366B-42EF-B795-0FF1BDAA0B7A}.Debug_nj|Mixed Platforms.ActiveCfg = Debug|x86
		{08ED1E3B-366B-42EF-B795-0FF1BDAA0B7A}.Debug_nj|Mixed Platforms.Build.0 = Debug|x86
		{08ED1E3B-366B-42EF-B795-0FF1BDAA0B7A}.Debug_nj|x86.ActiveCfg = Debug|x86
		{08ED1E3B-366B-42EF-B795-0FF1BDAA0B7A}.Debug_nj|x86.Build.0 = Debug|x86
		{08ED1E3B-366B-42EF-B795-0FF1BDAA0B7A}.Debug|Any CPU.ActiveCfg = Debug|x86
		{08ED1E3B-366B-42EF-B795-0FF1BDAA0B7A}.Debug|Mixed Platforms.ActiveCfg = Debug|x86
		{08ED1E3B-366B-42EF-B795-0FF1BDAA0B7A}.Debug|Mixed Platforms.Build.0 = Debug|x86
		{08ED1E3B-366B-42EF-B795-0FF1BDAA0B7A}.Debug|x86.ActiveCfg = Debug|x86
		{08ED1E3B-366B-42EF-B795-0FF1BDAA0B7A}.Debug|x86.Build.0 = Debug|x86
		{08ED1E3B-366B-42EF-B795-0FF1BDAA0B7A}.Release|Any CPU.ActiveCfg = Release|x86
		{08ED1E3B-366B-42EF-B795-0FF1BDAA0B7A}.Release|Mixed Platforms.ActiveCfg = Release|x86
		{08ED1E3B-366B-42EF-B795-0FF1BDAA0B7A}.Release|Mixed Platforms.Build.0 = Release|x86
		{08ED1E3B-366B-42EF-B795-0FF1BDAA0B7A}.Release|x86.ActiveCfg = Release|x86
		{08ED1E3B-366B-42EF-B795-0FF1BDAA0B7A}.Release|x86.Build.0 = Release|x86
		{959F7F85-C98B-4876-971A-9036224578E4}.Debug_nj|Any CPU.ActiveCfg = Debug|Any CPU
		{959F7F85-C98B-4876-971A-9036224578E4}.Debug_nj|Any CPU.Build.0 = Debug|Any CPU
		{959F7F85-C98B-4876-971A-9036224578E4}.Debug_nj|Mixed Platforms.ActiveCfg = Debug|Any CPU
		{959F7F85-C98B-4876-971A-9036224578E4}.Debug_nj|Mixed Platforms.Build.0 = Debug|Any CPU
		{959F7F85-C98B-4876-971A-9036224578E4}.Debug_nj|x86.ActiveCfg = Debug|Any CPU
		{959F7F85-C98B-4876-971A-9036224578E4}.Debug|Any CPU.ActiveCfg = Debug|Any CPU
		{959F7F85-C98B-4876-971A-9036224578E4}.Debug|Any CPU.Build.0 = Debug|Any CPU
		{959F7F85-C98B-4876-971A-9036224578E4}.Debug|Mixed Platforms.ActiveCfg = Debug|Any CPU
		{959F7F85-C98B-4876-971A-9036224578E4}.Debug|Mixed Platforms.Build.0 = Debug|Any CPU
		{959F7F85-C98B-4876-971A-9036224578E4}.Debug|x86.ActiveCfg = Debug|Any CPU
		{959F7F85-C98B-4876-971A-9036224578E4}.Release|Any CPU.ActiveCfg = Release|Any CPU
		{959F7F85-C98B-4876-971A-9036224578E4}.Release|Any CPU.Build.0 = Release|Any CPU
		{959F7F85-C98B-4876-971A-9036224578E4}.Release|Mixed Platforms.ActiveCfg = Release|Any CPU
		{959F7F85-C98B-4876-971A-9036224578E4}.Release|Mixed Platforms.Build.0 = Release|Any CPU
		{959F7F85-C98B-4876-971A-9036224578E4}.Release|x86.ActiveCfg = Release|Any CPU
		{3D08C3B5-998F-486D-A100-1684C3CC2DA3}.Debug_nj|Any CPU.ActiveCfg = Debug_nj|Any CPU
		{3D08C3B5-998F-486D-A100-1684C3CC2DA3}.Debug_nj|Any CPU.Build.0 = Debug_nj|Any CPU
		{3D08C3B5-998F-486D-A100-1684C3CC2DA3}.Debug_nj|Mixed Platforms.ActiveCfg = Debug_nj|Any CPU
		{3D08C3B5-998F-486D-A100-1684C3CC2DA3}.Debug_nj|Mixed Platforms.Build.0 = Debug_nj|Any CPU
		{3D08C3B5-998F-486D-A100-1684C3CC2DA3}.Debug_nj|x86.ActiveCfg = Debug_nj|Any CPU
		{3D08C3B5-998F-486D-A100-1684C3CC2DA3}.Debug|Any CPU.ActiveCfg = Debug|Any CPU
		{3D08C3B5-998F-486D-A100-1684C3CC2DA3}.Debug|Any CPU.Build.0 = Debug|Any CPU
		{3D08C3B5-998F-486D-A100-1684C3CC2DA3}.Debug|Mixed Platforms.ActiveCfg = Debug|Any CPU
		{3D08C3B5-998F-486D-A100-1684C3CC2DA3}.Debug|Mixed Platforms.Build.0 = Debug|Any CPU
		{3D08C3B5-998F-486D-A100-1684C3CC2DA3}.Debug|x86.ActiveCfg = Debug|Any CPU
		{3D08C3B5-998F-486D-A100-1684C3CC2DA3}.Release|Any CPU.ActiveCfg = Release|Any CPU
		{3D08C3B5-998F-486D-A100-1684C3CC2DA3}.Release|Any CPU.Build.0 = Release|Any CPU
		{3D08C3B5-998F-486D-A100-1684C3CC2DA3}.Release|Mixed Platforms.ActiveCfg = Release|Any CPU
		{3D08C3B5-998F-486D-A100-1684C3CC2DA3}.Release|Mixed Platforms.Build.0 = Release|Any CPU
		{3D08C3B5-998F-486D-A100-1684C3CC2DA3}.Release|x86.ActiveCfg = Release|Any CPU
		{300C1716-0674-4D01-8F5D-151E59A504FE}.Debug_nj|Any CPU.ActiveCfg = Debug|Any CPU
		{300C1716-0674-4D01-8F5D-151E59A504FE}.Debug_nj|Any CPU.Build.0 = Debug|Any CPU
		{300C1716-0674-4D01-8F5D-151E59A504FE}.Debug_nj|Mixed Platforms.ActiveCfg = Debug|Any CPU
		{300C1716-0674-4D01-8F5D-151E59A504FE}.Debug_nj|Mixed Platforms.Build.0 = Debug|Any CPU
		{300C1716-0674-4D01-8F5D-151E59A504FE}.Debug_nj|x86.ActiveCfg = Debug|Any CPU
		{300C1716-0674-4D01-8F5D-151E59A504FE}.Debug|Any CPU.ActiveCfg = Debug|Any CPU
		{300C1716-0674-4D01-8F5D-151E59A504FE}.Debug|Any CPU.Build.0 = Debug|Any CPU
		{300C1716-0674-4D01-8F5D-151E59A504FE}.Debug|Mixed Platforms.ActiveCfg = Debug|Any CPU
		{300C1716-0674-4D01-8F5D-151E59A504FE}.Debug|Mixed Platforms.Build.0 = Debug|Any CPU
		{300C1716-0674-4D01-8F5D-151E59A504FE}.Debug|x86.ActiveCfg = Debug|Any CPU
		{300C1716-0674-4D01-8F5D-151E59A504FE}.Release|Any CPU.ActiveCfg = Release|Any CPU
		{300C1716-0674-4D01-8F5D-151E59A504FE}.Release|Any CPU.Build.0 = Release|Any CPU
		{300C1716-0674-4D01-8F5D-151E59A504FE}.Release|Mixed Platforms.ActiveCfg = Release|Any CPU
		{300C1716-0674-4D01-8F5D-151E59A504FE}.Release|Mixed Platforms.Build.0 = Release|Any CPU
		{300C1716-0674-4D01-8F5D-151E59A504FE}.Release|x86.ActiveCfg = Release|Any CPU
		{08321F42-4B3D-4815-B592-95962BAC3B9F}.Debug_nj|Any CPU.ActiveCfg = Debug|Any CPU
		{08321F42-4B3D-4815-B592-95962BAC3B9F}.Debug_nj|Any CPU.Build.0 = Debug|Any CPU
		{08321F42-4B3D-4815-B592-95962BAC3B9F}.Debug_nj|Mixed Platforms.ActiveCfg = Debug|Any CPU
		{08321F42-4B3D-4815-B592-95962BAC3B9F}.Debug_nj|Mixed Platforms.Build.0 = Debug|Any CPU
		{08321F42-4B3D-4815-B592-95962BAC3B9F}.Debug_nj|x86.ActiveCfg = Debug|Any CPU
		{08321F42-4B3D-4815-B592-95962BAC3B9F}.Debug|Any CPU.ActiveCfg = Debug|Any CPU
		{08321F42-4B3D-4815-B592-95962BAC3B9F}.Debug|Any CPU.Build.0 = Debug|Any CPU
		{08321F42-4B3D-4815-B592-95962BAC3B9F}.Debug|Mixed Platforms.ActiveCfg = Debug|Any CPU
		{08321F42-4B3D-4815-B592-95962BAC3B9F}.Debug|Mixed Platforms.Build.0 = Debug|Any CPU
		{08321F42-4B3D-4815-B592-95962BAC3B9F}.Debug|x86.ActiveCfg = Debug|Any CPU
		{08321F42-4B3D-4815-B592-95962BAC3B9F}.Release|Any CPU.ActiveCfg = Release|Any CPU
		{08321F42-4B3D-4815-B592-95962BAC3B9F}.Release|Any CPU.Build.0 = Release|Any CPU
		{08321F42-4B3D-4815-B592-95962BAC3B9F}.Release|Mixed Platforms.ActiveCfg = Release|Any CPU
		{08321F42-4B3D-4815-B592-95962BAC3B9F}.Release|Mixed Platforms.Build.0 = Release|Any CPU
		{08321F42-4B3D-4815-B592-95962BAC3B9F}.Release|x86.ActiveCfg = Release|Any CPU
		{7340B466-BB66-4313-922E-8AE7D9D77C3F}.Debug_nj|Any CPU.ActiveCfg = Debug|Any CPU
		{7340B466-BB66-4313-922E-8AE7D9D77C3F}.Debug_nj|Any CPU.Build.0 = Debug|Any CPU
		{7340B466-BB66-4313-922E-8AE7D9D77C3F}.Debug_nj|Mixed Platforms.ActiveCfg = Debug|Any CPU
		{7340B466-BB66-4313-922E-8AE7D9D77C3F}.Debug_nj|Mixed Platforms.Build.0 = Debug|Any CPU
		{7340B466-BB66-4313-922E-8AE7D9D77C3F}.Debug_nj|x86.ActiveCfg = Debug|Any CPU
		{7340B466-BB66-4313-922E-8AE7D9D77C3F}.Debug|Any CPU.ActiveCfg = Debug|Any CPU
		{7340B466-BB66-4313-922E-8AE7D9D77C3F}.Debug|Any CPU.Build.0 = Debug|Any CPU
		{7340B466-BB66-4313-922E-8AE7D9D77C3F}.Debug|Mixed Platforms.ActiveCfg = Debug|Any CPU
		{7340B466-BB66-4313-922E-8AE7D9D77C3F}.Debug|Mixed Platforms.Build.0 = Debug|Any CPU
		{7340B466-BB66-4313-922E-8AE7D9D77C3F}.Debug|x86.ActiveCfg = Debug|Any CPU
		{7340B466-BB66-4313-922E-8AE7D9D77C3F}.Release|Any CPU.ActiveCfg = Release|Any CPU
		{7340B466-BB66-4313-922E-8AE7D9D77C3F}.Release|Any CPU.Build.0 = Release|Any CPU
		{7340B466-BB66-4313-922E-8AE7D9D77C3F}.Release|Mixed Platforms.ActiveCfg = Release|Any CPU
		{7340B466-BB66-4313-922E-8AE7D9D77C3F}.Release|Mixed Platforms.Build.0 = Release|Any CPU
		{7340B466-BB66-4313-922E-8AE7D9D77C3F}.Release|x86.ActiveCfg = Release|Any CPU
		{181FE707-E161-4722-9F38-6AAAB6FAA106}.Debug_nj|Any CPU.ActiveCfg = Debug|Any CPU
		{181FE707-E161-4722-9F38-6AAAB6FAA106}.Debug_nj|Any CPU.Build.0 = Debug|Any CPU
		{181FE707-E161-4722-9F38-6AAAB6FAA106}.Debug_nj|Mixed Platforms.ActiveCfg = Debug|Any CPU
		{181FE707-E161-4722-9F38-6AAAB6FAA106}.Debug_nj|Mixed Platforms.Build.0 = Debug|Any CPU
		{181FE707-E161-4722-9F38-6AAAB6FAA106}.Debug_nj|x86.ActiveCfg = Debug|Any CPU
		{181FE707-E161-4722-9F38-6AAAB6FAA106}.Debug|Any CPU.ActiveCfg = Debug|Any CPU
		{181FE707-E161-4722-9F38-6AAAB6FAA106}.Debug|Any CPU.Build.0 = Debug|Any CPU
		{181FE707-E161-4722-9F38-6AAAB6FAA106}.Debug|Mixed Platforms.ActiveCfg = Debug|Any CPU
		{181FE707-E161-4722-9F38-6AAAB6FAA106}.Debug|Mixed Platforms.Build.0 = Debug|Any CPU
		{181FE707-E161-4722-9F38-6AAAB6FAA106}.Debug|x86.ActiveCfg = Debug|Any CPU
		{181FE707-E161-4722-9F38-6AAAB6FAA106}.Release|Any CPU.ActiveCfg = Release|Any CPU
		{181FE707-E161-4722-9F38-6AAAB6FAA106}.Release|Any CPU.Build.0 = Release|Any CPU
		{181FE707-E161-4722-9F38-6AAAB6FAA106}.Release|Mixed Platforms.ActiveCfg = Release|Any CPU
		{181FE707-E161-4722-9F38-6AAAB6FAA106}.Release|Mixed Platforms.Build.0 = Release|Any CPU
		{181FE707-E161-4722-9F38-6AAAB6FAA106}.Release|x86.ActiveCfg = Release|Any CPU
		{84DEBB0E-0387-4B80-91A1-156F12FFF03A}.Debug_nj|Any CPU.ActiveCfg = Debug_nj|Any CPU
		{84DEBB0E-0387-4B80-91A1-156F12FFF03A}.Debug_nj|Any CPU.Build.0 = Debug_nj|Any CPU
		{84DEBB0E-0387-4B80-91A1-156F12FFF03A}.Debug_nj|Mixed Platforms.ActiveCfg = Debug_nj|Any CPU
		{84DEBB0E-0387-4B80-91A1-156F12FFF03A}.Debug_nj|Mixed Platforms.Build.0 = Debug_nj|Any CPU
		{84DEBB0E-0387-4B80-91A1-156F12FFF03A}.Debug_nj|x86.ActiveCfg = Debug_nj|Any CPU
		{84DEBB0E-0387-4B80-91A1-156F12FFF03A}.Debug|Any CPU.ActiveCfg = Debug|Any CPU
		{84DEBB0E-0387-4B80-91A1-156F12FFF03A}.Debug|Any CPU.Build.0 = Debug|Any CPU
		{84DEBB0E-0387-4B80-91A1-156F12FFF03A}.Debug|Mixed Platforms.ActiveCfg = Debug|Any CPU
		{84DEBB0E-0387-4B80-91A1-156F12FFF03A}.Debug|Mixed Platforms.Build.0 = Debug|Any CPU
		{84DEBB0E-0387-4B80-91A1-156F12FFF03A}.Debug|x86.ActiveCfg = Debug|Any CPU
		{84DEBB0E-0387-4B80-91A1-156F12FFF03A}.Release|Any CPU.ActiveCfg = Release|Any CPU
		{84DEBB0E-0387-4B80-91A1-156F12FFF03A}.Release|Any CPU.Build.0 = Release|Any CPU
		{84DEBB0E-0387-4B80-91A1-156F12FFF03A}.Release|Mixed Platforms.ActiveCfg = Release|Any CPU
		{84DEBB0E-0387-4B80-91A1-156F12FFF03A}.Release|Mixed Platforms.Build.0 = Release|Any CPU
		{84DEBB0E-0387-4B80-91A1-156F12FFF03A}.Release|x86.ActiveCfg = Release|Any CPU
	EndGlobalSection
	GlobalSection(SolutionProperties) = preSolution
		HideSolutionNode = FALSE
	EndGlobalSection
EndGlobal
